
Microsoft Visual Studio Solution File, Format Version 12.00
# Visual Studio Version 17
VisualStudioVersion = 17.1.32328.378
MinimumVisualStudioVersion = 10.0.40219.1
Project("{9A19103F-16F7-4668-BE54-9A1E7A4F7556}") = "Coursework.Tests", "Coursework.Tests\Coursework.Tests.csproj", "{A640773C-6277-4A70-B7AB-875F576A27A9}"
EndProject
Project("{9A19103F-16F7-4668-BE54-9A1E7A4F7556}") = "Сoursework.WebApI", "Сoursework.WebApI\Сoursework.WebApI.csproj", "{183CDC45-7F1E-49DC-A18A-A0046C8DB294}"
EndProject
Project("{9A19103F-16F7-4668-BE54-9A1E7A4F7556}") = "Coursework.Domain", "Coursework.Domain\Coursework.Domain.csproj", "{609FA90D-B62B-421E-8C07-2F6F1D11F9D4}"
EndProject
Project("{9A19103F-16F7-4668-BE54-9A1E7A4F7556}") = "Coursework.Application", "Coursework.Application\Coursework.Application.csproj", "{B40CEC94-6761-498D-8082-167470A8485E}"
EndProject
Project("{9A19103F-16F7-4668-BE54-9A1E7A4F7556}") = "Coursework.Infrastructure", "Coursework.Infrastructure\Coursework.Infrastructure.csproj", "{9522C9BC-703D-489C-B37D-DEB1EBEB00C4}"
EndProject
Project("{9A19103F-16F7-4668-BE54-9A1E7A4F7556}") = "Coursework.Persistence", "Coursework.Persistence\Coursework.Persistence.csproj", "{CE8A4DEE-3A68-45DC-A6B6-FFE94B4685C7}"
EndProject
Project("{2150E333-8FDC-42A3-9474-1A3956D46DE8}") = "Solution Items", "Solution Items", "{85474A45-62A5-44B0-AEF4-EF36DB765058}"
	ProjectSection(SolutionItems) = preProject
		Directory.Build.props = Directory.Build.props
		ruleset.ruleset = ruleset.ruleset
	EndProjectSection
EndProject
Global
	GlobalSection(SolutionConfigurationPlatforms) = preSolution
		Debug|Any CPU = Debug|Any CPU
		Release|Any CPU = Release|Any CPU
	EndGlobalSection
	GlobalSection(ProjectConfigurationPlatforms) = postSolution
		{A640773C-6277-4A70-B7AB-875F576A27A9}.Debug|Any CPU.ActiveCfg = Debug|Any CPU
		{A640773C-6277-4A70-B7AB-875F576A27A9}.Debug|Any CPU.Build.0 = Debug|Any CPU
		{A640773C-6277-4A70-B7AB-875F576A27A9}.Release|Any CPU.ActiveCfg = Release|Any CPU
		{A640773C-6277-4A70-B7AB-875F576A27A9}.Release|Any CPU.Build.0 = Release|Any CPU
		{183CDC45-7F1E-49DC-A18A-A0046C8DB294}.Debug|Any CPU.ActiveCfg = Debug|Any CPU
		{183CDC45-7F1E-49DC-A18A-A0046C8DB294}.Debug|Any CPU.Build.0 = Debug|Any CPU
		{183CDC45-7F1E-49DC-A18A-A0046C8DB294}.Release|Any CPU.ActiveCfg = Release|Any CPU
		{183CDC45-7F1E-49DC-A18A-A0046C8DB294}.Release|Any CPU.Build.0 = Release|Any CPU
		{609FA90D-B62B-421E-8C07-2F6F1D11F9D4}.Debug|Any CPU.ActiveCfg = Debug|Any CPU
		{609FA90D-B62B-421E-8C07-2F6F1D11F9D4}.Debug|Any CPU.Build.0 = Debug|Any CPU
		{609FA90D-B62B-421E-8C07-2F6F1D11F9D4}.Release|Any CPU.ActiveCfg = Release|Any CPU
		{609FA90D-B62B-421E-8C07-2F6F1D11F9D4}.Release|Any CPU.Build.0 = Release|Any CPU
		{B40CEC94-6761-498D-8082-167470A8485E}.Debug|Any CPU.ActiveCfg = Debug|Any CPU
		{B40CEC94-6761-498D-8082-167470A8485E}.Debug|Any CPU.Build.0 = Debug|Any CPU
		{B40CEC94-6761-498D-8082-167470A8485E}.Release|Any CPU.ActiveCfg = Release|Any CPU
		{B40CEC94-6761-498D-8082-167470A8485E}.Release|Any CPU.Build.0 = Release|Any CPU
		{9522C9BC-703D-489C-B37D-DEB1EBEB00C4}.Debug|Any CPU.ActiveCfg = Debug|Any CPU
		{9522C9BC-703D-489C-B37D-DEB1EBEB00C4}.Debug|Any CPU.Build.0 = Debug|Any CPU
		{9522C9BC-703D-489C-B37D-DEB1EBEB00C4}.Release|Any CPU.ActiveCfg = Release|Any CPU
		{9522C9BC-703D-489C-B37D-DEB1EBEB00C4}.Release|Any CPU.Build.0 = Release|Any CPU
		{CE8A4DEE-3A68-45DC-A6B6-FFE94B4685C7}.Debug|Any CPU.ActiveCfg = Debug|Any CPU
		{CE8A4DEE-3A68-45DC-A6B6-FFE94B4685C7}.Debug|Any CPU.Build.0 = Debug|Any CPU
		{CE8A4DEE-3A68-45DC-A6B6-FFE94B4685C7}.Release|Any CPU.ActiveCfg = Release|Any CPU
		{CE8A4DEE-3A68-45DC-A6B6-FFE94B4685C7}.Release|Any CPU.Build.0 = Release|Any CPU
	EndGlobalSection
	GlobalSection(SolutionProperties) = preSolution
		HideSolutionNode = FALSE
	EndGlobalSection
	GlobalSection(ExtensibilityGlobals) = postSolution
		SolutionGuid = {5F91DB57-5E39-4762-B5D0-4E9A4A2EE9CD}
	EndGlobalSection
EndGlobal
